// !$*UTF8*$!
{
	archiveVersion = 1;
	classes = {
	};
	objectVersion = 46;
	objects = {

/* Begin PBXBuildFile section */
		5404A5311A18AD4300DD9FCF /* main.m in Sources */ = {isa = PBXBuildFile; fileRef = 5452F6D41A1772D50085DF7D /* main.m */; };
		5404A5321A18AD4300DD9FCF /* TwoGroupMerges.m in Sources */ = {isa = PBXBuildFile; fileRef = 540DECAD1A17A095000405ED /* TwoGroupMerges.m */; };
		5404A5331A18AD4300DD9FCF /* YFCreator.m in Sources */ = {isa = PBXBuildFile; fileRef = 5404A52F1A18837E00DD9FCF /* YFCreator.m */; };
		54D3ACA01A1B328100B3A892 /* ChineseStudeng.m in Sources */ = {isa = PBXBuildFile; fileRef = 54D3AC9F1A1B328100B3A892 /* ChineseStudeng.m */; };
		54F4DEB91A1AF16800D76478 /* YFPracticeNSRange.m in Sources */ = {isa = PBXBuildFile; fileRef = 54F4DEB81A1AF16800D76478 /* YFPracticeNSRange.m */; };
/* End PBXBuildFile section */

/* Begin PBXCopyFilesBuildPhase section */
		5452F6CF1A1772D50085DF7D /* CopyFiles */ = {
			isa = PBXCopyFilesBuildPhase;
			buildActionMask = 2147483647;
			dstPath = /usr/share/man/man1/;
			dstSubfolderSpec = 0;
			files = (
			);
			runOnlyForDeploymentPostprocessing = 1;
		};
/* End PBXCopyFilesBuildPhase section */

/* Begin PBXFileReference section */
		5404A52E1A18837E00DD9FCF /* YFCreator.h */ = {isa = PBXFileReference; fileEncoding = 4; lastKnownFileType = sourcecode.c.h; path = YFCreator.h; sourceTree = "<group>"; };
		5404A52F1A18837E00DD9FCF /* YFCreator.m */ = {isa = PBXFileReference; fileEncoding = 4; lastKnownFileType = sourcecode.c.objc; path = YFCreator.m; sourceTree = "<group>"; };
		540DECAC1A17A095000405ED /* TwoGroupMerges.h */ = {isa = PBXFileReference; fileEncoding = 4; lastKnownFileType = sourcecode.c.h; path = TwoGroupMerges.h; sourceTree = "<group>"; };
		540DECAD1A17A095000405ED /* TwoGroupMerges.m */ = {isa = PBXFileReference; fileEncoding = 4; lastKnownFileType = sourcecode.c.objc; path = TwoGroupMerges.m; sourceTree = "<group>"; };
		5452F6D11A1772D50085DF7D /* ProgramingPractice */ = {isa = PBXFileReference; explicitFileType = "compiled.mach-o.executable"; includeInIndex = 0; path = ProgramingPractice; sourceTree = BUILT_PRODUCTS_DIR; };
		5452F6D41A1772D50085DF7D /* main.m */ = {isa = PBXFileReference; lastKnownFileType = sourcecode.c.objc; path = main.m; sourceTree = "<group>"; };
		54D3AC991A1B2EC300B3A892 /* ProtocolChinese.h */ = {isa = PBXFileReference; lastKnownFileType = sourcecode.c.h; name = ProtocolChinese.h; path = ProtocolPractice/ProtocolChinese.h; sourceTree = "<group>"; };
		54D3AC9B1A1B2F1B00B3A892 /* ProtocolStudent.h */ = {isa = PBXFileReference; lastKnownFileType = sourcecode.c.h; name = ProtocolStudent.h; path = ProtocolPractice/ProtocolStudent.h; sourceTree = "<group>"; };
		54D3AC9C1A1B2F3C00B3A892 /* ProtocolChineseStudent.h */ = {isa = PBXFileReference; lastKnownFileType = sourcecode.c.h; name = ProtocolChineseStudent.h; path = ProtocolPractice/ProtocolChineseStudent.h; sourceTree = "<group>"; };
		54D3AC9E1A1B328100B3A892 /* ChineseStudeng.h */ = {isa = PBXFileReference; fileEncoding = 4; lastKnownFileType = sourcecode.c.h; name = ChineseStudeng.h; path = ProtocolPractice/ChineseStudeng.h; sourceTree = "<group>"; };
		54D3AC9F1A1B328100B3A892 /* ChineseStudeng.m */ = {isa = PBXFileReference; fileEncoding = 4; lastKnownFileType = sourcecode.c.objc; name = ChineseStudeng.m; path = ProtocolPractice/ChineseStudeng.m; sourceTree = "<group>"; };
		54F4DEB71A1AF16800D76478 /* YFPracticeNSRange.h */ = {isa = PBXFileReference; fileEncoding = 4; lastKnownFileType = sourcecode.c.h; path = YFPracticeNSRange.h; sourceTree = "<group>"; };
		54F4DEB81A1AF16800D76478 /* YFPracticeNSRange.m */ = {isa = PBXFileReference; fileEncoding = 4; lastKnownFileType = sourcecode.c.objc; path = YFPracticeNSRange.m; sourceTree = "<group>"; };
/* End PBXFileReference section */

/* Begin PBXFrameworksBuildPhase section */
		5452F6CE1A1772D50085DF7D /* Frameworks */ = {
			isa = PBXFrameworksBuildPhase;
			buildActionMask = 2147483647;
			files = (
			);
			runOnlyForDeploymentPostprocessing = 0;
		};
/* End PBXFrameworksBuildPhase section */

/* Begin PBXGroup section */
		5452F6C81A1772D50085DF7D = {
			isa = PBXGroup;
			children = (
				5452F6D31A1772D50085DF7D /* ProgramingPractice */,
				5452F6D21A1772D50085DF7D /* Products */,
			);
			sourceTree = "<group>";
		};
		5452F6D21A1772D50085DF7D /* Products */ = {
			isa = PBXGroup;
			children = (
				5452F6D11A1772D50085DF7D /* ProgramingPractice */,
			);
			name = Products;
			sourceTree = "<group>";
		};
		5452F6D31A1772D50085DF7D /* ProgramingPractice */ = {
			isa = PBXGroup;
			children = (
				54D3AC951A1B2CB700B3A892 /* PracticeProtocol */,
				5452F6D41A1772D50085DF7D /* main.m */,
				540DECAC1A17A095000405ED /* TwoGroupMerges.h */,
				540DECAD1A17A095000405ED /* TwoGroupMerges.m */,
				5404A52E1A18837E00DD9FCF /* YFCreator.h */,
				5404A52F1A18837E00DD9FCF /* YFCreator.m */,
				54F4DEB71A1AF16800D76478 /* YFPracticeNSRange.h */,
				54F4DEB81A1AF16800D76478 /* YFPracticeNSRange.m */,
			);
			path = ProgramingPractice;
			sourceTree = "<group>";
		};
		54D3AC951A1B2CB700B3A892 /* PracticeProtocol */ = {
			isa = PBXGroup;
			children = (
				54D3AC991A1B2EC300B3A892 /* ProtocolChinese.h */,
				54D3AC9B1A1B2F1B00B3A892 /* ProtocolStudent.h */,
				54D3AC9C1A1B2F3C00B3A892 /* ProtocolChineseStudent.h */,
				54D3AC9E1A1B328100B3A892 /* ChineseStudeng.h */,
				54D3AC9F1A1B328100B3A892 /* ChineseStudeng.m */,
			);
			name = PracticeProtocol;
			sourceTree = "<group>";
		};
/* End PBXGroup section */

/* Begin PBXNativeTarget section */
		5452F6D01A1772D50085DF7D /* ProgramingPractice */ = {
			isa = PBXNativeTarget;
			buildConfigurationList = 5452F6D81A1772D50085DF7D /* Build configuration list for PBXNativeTarget "ProgramingPractice" */;
			buildPhases = (
				5452F6CD1A1772D50085DF7D /* Sources */,
				5452F6CE1A1772D50085DF7D /* Frameworks */,
				5452F6CF1A1772D50085DF7D /* CopyFiles */,
			);
			buildRules = (
			);
			dependencies = (
			);
			name = ProgramingPractice;
			productName = ProgramingPractice;
			productReference = 5452F6D11A1772D50085DF7D /* ProgramingPractice */;
			productType = "com.apple.product-type.tool";
		};
/* End PBXNativeTarget section */

/* Begin PBXProject section */
		5452F6C91A1772D50085DF7D /* Project object */ = {
			isa = PBXProject;
			attributes = {
				LastUpgradeCheck = 0610;
				ORGANIZATIONNAME = yufu;
				TargetAttributes = {
					5452F6D01A1772D50085DF7D = {
						CreatedOnToolsVersion = 6.1;
					};
				};
			};
			buildConfigurationList = 5452F6CC1A1772D50085DF7D /* Build configuration list for PBXProject "ProgramingPractice" */;
			compatibilityVersion = "Xcode 3.2";
			developmentRegion = English;
			hasScannedForEncodings = 0;
			knownRegions = (
				en,
			);
			mainGroup = 5452F6C81A1772D50085DF7D;
			productRefGroup = 5452F6D21A1772D50085DF7D /* Products */;
			projectDirPath = "";
			projectRoot = "";
			targets = (
				5452F6D01A1772D50085DF7D /* ProgramingPractice */,
			);
		};
/* End PBXProject section */

/* Begin PBXSourcesBuildPhase section */
		5452F6CD1A1772D50085DF7D /* Sources */ = {
			isa = PBXSourcesBuildPhase;
			buildActionMask = 2147483647;
			files = (
				5404A5311A18AD4300DD9FCF /* main.m in Sources */,
				5404A5321A18AD4300DD9FCF /* TwoGroupMerges.m in Sources */,
				54D3ACA01A1B328100B3A892 /* ChineseStudeng.m in Sources */,
				54F4DEB91A1AF16800D76478 /* YFPracticeNSRange.m in Sources */,
				5404A5331A18AD4300DD9FCF /* YFCreator.m in Sources */,
			);
			runOnlyForDeploymentPostprocessing = 0;
		};
/* End PBXSourcesBuildPhase section */

/* Begin XCBuildConfiguration section */
		5452F6D61A1772D50085DF7D /* Debug */ = {
			isa = XCBuildConfiguration;
			buildSettings = {
				ALWAYS_SEARCH_USER_PATHS = NO;
				CLANG_CXX_LANGUAGE_STANDARD = "gnu++0x";
				CLANG_CXX_LIBRARY = "libc++";
				CLANG_ENABLE_MODULES = YES;
				CLANG_ENABLE_OBJC_ARC = YES;
				CLANG_WARN_BOOL_CONVERSION = YES;
				CLANG_WARN_CONSTANT_CONVERSION = YES;
				CLANG_WARN_DIRECT_OBJC_ISA_USAGE = YES_ERROR;
				CLANG_WARN_EMPTY_BODY = YES;
				CLANG_WARN_ENUM_CONVERSION = YES;
				CLANG_WARN_INT_CONVERSION = YES;
				CLANG_WARN_OBJC_ROOT_CLASS = YES_ERROR;
				CLANG_WARN_UNREACHABLE_CODE = YES;
				CLANG_WARN__DUPLICATE_METHOD_MATCH = YES;
				COPY_PHASE_STRIP = NO;
				ENABLE_STRICT_OBJC_MSGSEND = YES;
				GCC_C_LANGUAGE_STANDARD = gnu99;
				GCC_DYNAMIC_NO_PIC = NO;
				GCC_OPTIMIZATION_LEVEL = 0;
				GCC_PREPROCESSOR_DEFINITIONS = (
					"DEBUG=1",
					"$(inherited)",
				);
				GCC_SYMBOLS_PRIVATE_EXTERN = NO;
				GCC_WARN_64_TO_32_BIT_CONVERSION = YES;
				GCC_WARN_ABOUT_RETURN_TYPE = YES_ERROR;
				GCC_WARN_UNDECLARED_SELECTOR = YES;
				GCC_WARN_UNINITIALIZED_AUTOS = YES_AGGRESSIVE;
				GCC_WARN_UNUSED_FUNCTION = YES;
				GCC_WARN_UNUSED_VARIABLE = YES;
				MACOSX_DEPLOYMENT_TARGET = 10.10;
				MTL_ENABLE_DEBUG_INFO = YES;
				ONLY_ACTIVE_ARCH = YES;
				SDKROOT = macosx;
			};
			name = Debug;
		};
		5452F6D71A1772D50085DF7D /* Release */ = {
			isa = XCBuildConfiguration;
			buildSettings = {
				ALWAYS_SEARCH_USER_PATHS = NO;
				CLANG_CXX_LANGUAGE_STANDARD = "gnu++0x";
				CLANG_CXX_LIBRARY = "libc++";
				CLANG_ENABLE_MODULES = YES;
				CLANG_ENABLE_OBJC_ARC = YES;
				CLANG_WARN_BOOL_CONVERSION = YES;
				CLANG_WARN_CONSTANT_CONVERSION = YES;
				CLANG_WARN_DIRECT_OBJC_ISA_USAGE = YES_ERROR;
				CLANG_WARN_EMPTY_BODY = YES;
				CLANG_WARN_ENUM_CONVERSION = YES;
				CLANG_WARN_INT_CONVERSION = YES;
				CLANG_WARN_OBJC_ROOT_CLASS = YES_ERROR;
				CLANG_WARN_UNREACHABLE_CODE = YES;
				CLANG_WARN__DUPLICATE_METHOD_MATCH = YES;
				COPY_PHASE_STRIP = YES;
				DEBUG_INFORMATION_FORMAT = "dwarf-with-dsym";
				ENABLE_NS_ASSERTIONS = NO;
				ENABLE_STRICT_OBJC_MSGSEND = YES;
				GCC_C_LANGUAGE_STANDARD = gnu99;
				GCC_WARN_64_TO_32_BIT_CONVERSION = YES;
				GCC_WARN_ABOUT_RETURN_TYPE = YES_ERROR;
				GCC_WARN_UNDECLARED_SELECTOR = YES;
				GCC_WARN_UNINITIALIZED_AUTOS = YES_AGGRESSIVE;
				GCC_WARN_UNUSED_FUNCTION = YES;
				GCC_WARN_UNUSED_VARIABLE = YES;
				MACOSX_DEPLOYMENT_TARGET = 10.10;
				MTL_ENABLE_DEBUG_INFO = NO;
				SDKROOT = macosx;
			};
			name = Release;
		};
		5452F6D91A1772D50085DF7D /* Debug */ = {
			isa = XCBuildConfiguration;
			buildSettings = {
				PRODUCT_NAME = "$(TARGET_NAME)";
			};
			name = Debug;
		};
		5452F6DA1A1772D50085DF7D /* Release */ = {
			isa = XCBuildConfiguration;
			buildSettings = {
				PRODUCT_NAME = "$(TARGET_NAME)";
			};
			name = Release;
		};
/* End XCBuildConfiguration section */

/* Begin XCConfigurationList section */
		5452F6CC1A1772D50085DF7D /* Build configuration list for PBXProject "ProgramingPractice" */ = {
			isa = XCConfigurationList;
			buildConfigurations = (
				5452F6D61A1772D50085DF7D /* Debug */,
				5452F6D71A1772D50085DF7D /* Release */,
			);
			defaultConfigurationIsVisible = 0;
			defaultConfigurationName = Release;
		};
		5452F6D81A1772D50085DF7D /* Build configuration list for PBXNativeTarget "ProgramingPractice" */ = {
			isa = XCConfigurationList;
			buildConfigurations = (
				5452F6D91A1772D50085DF7D /* Debug */,
				5452F6DA1A1772D50085DF7D /* Release */,
			);
			defaultConfigurationIsVisible = 0;
			defaultConfigurationName = Release;
		};
/* End XCConfigurationList section */
	};
	rootObject = 5452F6C91A1772D50085DF7D /* Project object */;
}
